
Microsoft Visual Studio Solution File, Format Version 12.00
# Visual Studio 15
VisualStudioVersion = 15.0.28307.106
MinimumVisualStudioVersion = 10.0.40219.1
Project("{FAE04EC0-301F-11D3-BF4B-00C04F79EFBC}") = "NexxEcomm.Web", "NexxEcomm.Web\NexxEcomm.Web.csproj", "{5722DCB8-1C86-4AE8-994D-8EBB97C64B1B}"
EndProject
Project("{FAE04EC0-301F-11D3-BF4B-00C04F79EFBC}") = "NexxEcomm.Web.Tests", "NexxEcomm.Web.Tests\NexxEcomm.Web.Tests.csproj", "{D04EA29C-5E75-4ED9-AF4A-D2AEB87D6E7C}"
EndProject
Project("{2150E333-8FDC-42A3-9474-1A3956D46DE8}") = "UI", "UI", "{C31571DB-B448-4AA7-B1C9-121E363D342D}"
EndProject
Project("{2150E333-8FDC-42A3-9474-1A3956D46DE8}") = "Domain", "Domain", "{84F18BA7-ABF8-43F6-9F0A-B4A52E0A6658}"
EndProject
Project("{2150E333-8FDC-42A3-9474-1A3956D46DE8}") = "Repositories", "Repositories", "{2F8E0887-8572-4740-95F5-6B2D03813BFC}"
EndProject
Project("{2150E333-8FDC-42A3-9474-1A3956D46DE8}") = "App", "App", "{FB9F937A-E80D-4AEB-B63C-D87437300027}"
EndProject
Project("{FAE04EC0-301F-11D3-BF4B-00C04F79EFBC}") = "NexxEcomm.App", "NexxEcomm.App\NexxEcomm.App.csproj", "{8F72C64D-A098-4EAD-B482-2F4190A93A4F}"
EndProject
Project("{FAE04EC0-301F-11D3-BF4B-00C04F79EFBC}") = "NexxEcomm.App.Tests", "NexxEcomm.App.Tests\NexxEcomm.App.Tests.csproj", "{BE22120E-4B6A-4A8A-8026-BF7034FC6030}"
EndProject
Project("{FAE04EC0-301F-11D3-BF4B-00C04F79EFBC}") = "NexxEcomm.Domain", "NexxEcomm.Domain\NexxEcomm.Domain.csproj", "{CFF6C91A-A7FF-4980-9367-9E1A8063F2EA}"
EndProject
Project("{FAE04EC0-301F-11D3-BF4B-00C04F79EFBC}") = "NexxEcomm.Domain.Tests", "NexxEcomm.Domain.Tests\NexxEcomm.Domain.Tests.csproj", "{5411206A-A3DA-482E-984D-B90F25B92678}"
EndProject
Project("{FAE04EC0-301F-11D3-BF4B-00C04F79EFBC}") = "NexxEcomm.Repositories", "NexxEcomm.Repositories\NexxEcomm.Repositories.csproj", "{6FEECE80-6875-4007-A073-6891F89AB32D}"
EndProject
Project("{FAE04EC0-301F-11D3-BF4B-00C04F79EFBC}") = "NexxEcomm.Repositories.Tests", "NexxEcomm.Repositories.Tests\NexxEcomm.Repositories.Tests.csproj", "{F5DF2377-B861-45D7-8688-F541C6B26E44}"
EndProject
Project("{2150E333-8FDC-42A3-9474-1A3956D46DE8}") = "StartUp", "StartUp", "{94B175A4-BCBA-4721-87CC-42945E7F723B}"
EndProject
Project("{FAE04EC0-301F-11D3-BF4B-00C04F79EFBC}") = "NexxEcomm.StartUp", "NexxEcomm.StartUp\NexxEcomm.StartUp.csproj", "{79A16255-054E-45E5-AD80-62283871B5B1}"
EndProject
Project("{FAE04EC0-301F-11D3-BF4B-00C04F79EFBC}") = "NexxEcomm.StartUp.Tests", "NexxEcomm.StartUp.Tests\NexxEcomm.StartUp.Tests.csproj", "{F61D6B3B-3A5C-45AE-942F-9C753DD78AB2}"
EndProject
Project("{2150E333-8FDC-42A3-9474-1A3956D46DE8}") = "Helpers", "Helpers", "{5D98F77F-B5EE-40AA-92EF-399E07B5FBBC}"
EndProject
Project("{FAE04EC0-301F-11D3-BF4B-00C04F79EFBC}") = "NexxEcomm.Helpers", "NexxEcomm.Helpers\NexxEcomm.Helpers.csproj", "{BBDBDB01-90D5-489F-8ECE-A31D019B0FD9}"
EndProject
Project("{FAE04EC0-301F-11D3-BF4B-00C04F79EFBC}") = "NexxEcomm.Helpers.Tests", "NexxEcomm.Helpers.Tests\NexxEcomm.Helpers.Tests.csproj", "{B4D924E0-EF8E-4347-B5FD-005988DBA963}"
EndProject
Global
	GlobalSection(SolutionConfigurationPlatforms) = preSolution
		Debug|Any CPU = Debug|Any CPU
		Release|Any CPU = Release|Any CPU
	EndGlobalSection
	GlobalSection(ProjectConfigurationPlatforms) = postSolution
		{5722DCB8-1C86-4AE8-994D-8EBB97C64B1B}.Debug|Any CPU.ActiveCfg = Debug|Any CPU
		{5722DCB8-1C86-4AE8-994D-8EBB97C64B1B}.Debug|Any CPU.Build.0 = Debug|Any CPU
		{5722DCB8-1C86-4AE8-994D-8EBB97C64B1B}.Release|Any CPU.ActiveCfg = Release|Any CPU
		{5722DCB8-1C86-4AE8-994D-8EBB97C64B1B}.Release|Any CPU.Build.0 = Release|Any CPU
		{D04EA29C-5E75-4ED9-AF4A-D2AEB87D6E7C}.Debug|Any CPU.ActiveCfg = Debug|Any CPU
		{D04EA29C-5E75-4ED9-AF4A-D2AEB87D6E7C}.Debug|Any CPU.Build.0 = Debug|Any CPU
		{D04EA29C-5E75-4ED9-AF4A-D2AEB87D6E7C}.Release|Any CPU.ActiveCfg = Release|Any CPU
		{D04EA29C-5E75-4ED9-AF4A-D2AEB87D6E7C}.Release|Any CPU.Build.0 = Release|Any CPU
		{8F72C64D-A098-4EAD-B482-2F4190A93A4F}.Debug|Any CPU.ActiveCfg = Debug|Any CPU
		{8F72C64D-A098-4EAD-B482-2F4190A93A4F}.Debug|Any CPU.Build.0 = Debug|Any CPU
		{8F72C64D-A098-4EAD-B482-2F4190A93A4F}.Release|Any CPU.ActiveCfg = Release|Any CPU
		{8F72C64D-A098-4EAD-B482-2F4190A93A4F}.Release|Any CPU.Build.0 = Release|Any CPU
		{BE22120E-4B6A-4A8A-8026-BF7034FC6030}.Debug|Any CPU.ActiveCfg = Debug|Any CPU
		{BE22120E-4B6A-4A8A-8026-BF7034FC6030}.Debug|Any CPU.Build.0 = Debug|Any CPU
		{BE22120E-4B6A-4A8A-8026-BF7034FC6030}.Release|Any CPU.ActiveCfg = Release|Any CPU
		{BE22120E-4B6A-4A8A-8026-BF7034FC6030}.Release|Any CPU.Build.0 = Release|Any CPU
		{CFF6C91A-A7FF-4980-9367-9E1A8063F2EA}.Debug|Any CPU.ActiveCfg = Debug|Any CPU
		{CFF6C91A-A7FF-4980-9367-9E1A8063F2EA}.Debug|Any CPU.Build.0 = Debug|Any CPU
		{CFF6C91A-A7FF-4980-9367-9E1A8063F2EA}.Release|Any CPU.ActiveCfg = Release|Any CPU
		{CFF6C91A-A7FF-4980-9367-9E1A8063F2EA}.Release|Any CPU.Build.0 = Release|Any CPU
		{5411206A-A3DA-482E-984D-B90F25B92678}.Debug|Any CPU.ActiveCfg = Debug|Any CPU
		{5411206A-A3DA-482E-984D-B90F25B92678}.Debug|Any CPU.Build.0 = Debug|Any CPU
		{5411206A-A3DA-482E-984D-B90F25B92678}.Release|Any CPU.ActiveCfg = Release|Any CPU
		{5411206A-A3DA-482E-984D-B90F25B92678}.Release|Any CPU.Build.0 = Release|Any CPU
		{6FEECE80-6875-4007-A073-6891F89AB32D}.Debug|Any CPU.ActiveCfg = Debug|Any CPU
		{6FEECE80-6875-4007-A073-6891F89AB32D}.Debug|Any CPU.Build.0 = Debug|Any CPU
		{6FEECE80-6875-4007-A073-6891F89AB32D}.Release|Any CPU.ActiveCfg = Release|Any CPU
		{6FEECE80-6875-4007-A073-6891F89AB32D}.Release|Any CPU.Build.0 = Release|Any CPU
		{F5DF2377-B861-45D7-8688-F541C6B26E44}.Debug|Any CPU.ActiveCfg = Debug|Any CPU
		{F5DF2377-B861-45D7-8688-F541C6B26E44}.Debug|Any CPU.Build.0 = Debug|Any CPU
		{F5DF2377-B861-45D7-8688-F541C6B26E44}.Release|Any CPU.ActiveCfg = Release|Any CPU
		{F5DF2377-B861-45D7-8688-F541C6B26E44}.Release|Any CPU.Build.0 = Release|Any CPU
		{79A16255-054E-45E5-AD80-62283871B5B1}.Debug|Any CPU.ActiveCfg = Debug|Any CPU
		{79A16255-054E-45E5-AD80-62283871B5B1}.Debug|Any CPU.Build.0 = Debug|Any CPU
		{79A16255-054E-45E5-AD80-62283871B5B1}.Release|Any CPU.ActiveCfg = Release|Any CPU
		{79A16255-054E-45E5-AD80-62283871B5B1}.Release|Any CPU.Build.0 = Release|Any CPU
		{F61D6B3B-3A5C-45AE-942F-9C753DD78AB2}.Debug|Any CPU.ActiveCfg = Debug|Any CPU
		{F61D6B3B-3A5C-45AE-942F-9C753DD78AB2}.Debug|Any CPU.Build.0 = Debug|Any CPU
		{F61D6B3B-3A5C-45AE-942F-9C753DD78AB2}.Release|Any CPU.ActiveCfg = Release|Any CPU
		{F61D6B3B-3A5C-45AE-942F-9C753DD78AB2}.Release|Any CPU.Build.0 = Release|Any CPU
		{BBDBDB01-90D5-489F-8ECE-A31D019B0FD9}.Debug|Any CPU.ActiveCfg = Debug|Any CPU
		{BBDBDB01-90D5-489F-8ECE-A31D019B0FD9}.Debug|Any CPU.Build.0 = Debug|Any CPU
		{BBDBDB01-90D5-489F-8ECE-A31D019B0FD9}.Release|Any CPU.ActiveCfg = Release|Any CPU
		{BBDBDB01-90D5-489F-8ECE-A31D019B0FD9}.Release|Any CPU.Build.0 = Release|Any CPU
		{B4D924E0-EF8E-4347-B5FD-005988DBA963}.Debug|Any CPU.ActiveCfg = Debug|Any CPU
		{B4D924E0-EF8E-4347-B5FD-005988DBA963}.Debug|Any CPU.Build.0 = Debug|Any CPU
		{B4D924E0-EF8E-4347-B5FD-005988DBA963}.Release|Any CPU.ActiveCfg = Release|Any CPU
		{B4D924E0-EF8E-4347-B5FD-005988DBA963}.Release|Any CPU.Build.0 = Release|Any CPU
	EndGlobalSection
	GlobalSection(SolutionProperties) = preSolution
		HideSolutionNode = FALSE
	EndGlobalSection
	GlobalSection(NestedProjects) = preSolution
		{5722DCB8-1C86-4AE8-994D-8EBB97C64B1B} = {C31571DB-B448-4AA7-B1C9-121E363D342D}
		{D04EA29C-5E75-4ED9-AF4A-D2AEB87D6E7C} = {C31571DB-B448-4AA7-B1C9-121E363D342D}
		{8F72C64D-A098-4EAD-B482-2F4190A93A4F} = {FB9F937A-E80D-4AEB-B63C-D87437300027}
		{BE22120E-4B6A-4A8A-8026-BF7034FC6030} = {FB9F937A-E80D-4AEB-B63C-D87437300027}
		{CFF6C91A-A7FF-4980-9367-9E1A8063F2EA} = {84F18BA7-ABF8-43F6-9F0A-B4A52E0A6658}
		{5411206A-A3DA-482E-984D-B90F25B92678} = {84F18BA7-ABF8-43F6-9F0A-B4A52E0A6658}
		{6FEECE80-6875-4007-A073-6891F89AB32D} = {2F8E0887-8572-4740-95F5-6B2D03813BFC}
		{F5DF2377-B861-45D7-8688-F541C6B26E44} = {2F8E0887-8572-4740-95F5-6B2D03813BFC}
		{79A16255-054E-45E5-AD80-62283871B5B1} = {94B175A4-BCBA-4721-87CC-42945E7F723B}
		{F61D6B3B-3A5C-45AE-942F-9C753DD78AB2} = {94B175A4-BCBA-4721-87CC-42945E7F723B}
		{BBDBDB01-90D5-489F-8ECE-A31D019B0FD9} = {5D98F77F-B5EE-40AA-92EF-399E07B5FBBC}
		{B4D924E0-EF8E-4347-B5FD-005988DBA963} = {5D98F77F-B5EE-40AA-92EF-399E07B5FBBC}
	EndGlobalSection
	GlobalSection(ExtensibilityGlobals) = postSolution
		SolutionGuid = {93DA1CAC-1996-4F5E-9B67-D0BE27158685}
	EndGlobalSection
EndGlobal
